# This file is @generated by PDM.
# It is not intended for manual editing.

[[package]]
name = "asgiref"
version = "3.6.0"
requires_python = ">=3.7"
summary = "ASGI specs, helper code, and adapters"

[[package]]
name = "django"
version = "4.2"
requires_python = ">=3.8"
summary = "A high-level Python web framework that encourages rapid development and clean, pragmatic design."
dependencies = [
    "asgiref<4,>=3.6.0",
    "sqlparse>=0.3.1",
    "tzdata; sys_platform == \"win32\"",
]

[[package]]
name = "dynaconf"
version = "3.1.12"
requires_python = ">=3.8"
summary = "The dynamic configurator for your Python Project"

[[package]]
name = "setuptools"
version = "67.7.2"
requires_python = ">=3.7"
summary = "Easily download, build, install, upgrade, and uninstall Python packages"

[[package]]
name = "sqlparse"
version = "0.4.4"
requires_python = ">=3.5"
summary = "A non-validating SQL parser."

[[package]]
name = "tzdata"
version = "2023.3"
requires_python = ">=2"
summary = "Provider of IANA time zone data"

[metadata]
lock_version = "4.2"
groups = ["default"]
content_hash = "sha256:e06814b42ebc91439a6fd444a16fb648cdd89928f166fa5010ff0acab7fbbc5f"

[metadata.files]
"asgiref 3.6.0" = [
    {url = "https://files.pythonhosted.org/packages/78/2d/797c0537426266d6c9377a2ed6a4ac61e50c2d5b1ab4da101a4b9bfe26e2/asgiref-3.6.0.tar.gz", hash = "sha256:9567dfe7bd8d3c8c892227827c41cce860b368104c3431da67a0c5a65a949506"},
    {url = "https://files.pythonhosted.org/packages/8f/29/38d10a47b322a77b2d12c2b79c789f52956f733cb701d4d5157c76b5f238/asgiref-3.6.0-py3-none-any.whl", hash = "sha256:71e68008da809b957b7ee4b43dbccff33d1b23519fb8344e33f049897077afac"},
]
"django 4.2" = [
    {url = "https://files.pythonhosted.org/packages/9a/bb/48aa3e0850923096dff2766d21a6004d6e1a3317f0bd400ba81f586754e1/Django-4.2.tar.gz", hash = "sha256:c36e2ab12824e2ac36afa8b2515a70c53c7742f0d6eaefa7311ec379558db997"},
    {url = "https://files.pythonhosted.org/packages/d9/40/6012f98b14b64b4d3dc47b0c2f116fccbd0795ab35515d0c40dac73b81b8/Django-4.2-py3-none-any.whl", hash = "sha256:ad33ed68db9398f5dfb33282704925bce044bef4261cd4fb59e4e7f9ae505a78"},
]
"dynaconf 3.1.12" = [
    {url = "https://files.pythonhosted.org/packages/1b/e0/3177a9cae2687d30fb80db000da3b3e814cb0f43856f62ee09e2eed698c7/dynaconf-3.1.12-py2.py3-none-any.whl", hash = "sha256:a79d7b3ad4a35af9b576c49f11cd3b23a1b04b87b63a4e9f92cc82f2b0cafeeb"},
    {url = "https://files.pythonhosted.org/packages/63/38/ed036e126de2b477ba30ad6f91932e6271ce78c1aa34181b833ee60a3b24/dynaconf-3.1.12.tar.gz", hash = "sha256:11a60bcd735f82b8a47b288f99e4ffbbd08c6c130a7be93c5d03e93fc260a5e1"},
]
"setuptools 67.7.2" = [
    {url = "https://files.pythonhosted.org/packages/2f/8c/f336a966d4097c7cef6fc699b2ecb83b5fb63fd698198c1b5c7905a74f0f/setuptools-67.7.2-py3-none-any.whl", hash = "sha256:23aaf86b85ca52ceb801d32703f12d77517b2556af839621c641fca11287952b"},
    {url = "https://files.pythonhosted.org/packages/fd/53/e5d7ae40d03e4ed20b7cba317cf9c0c97097c8debb39f9d72d182a6578a2/setuptools-67.7.2.tar.gz", hash = "sha256:f104fa03692a2602fa0fec6c6a9e63b6c8a968de13e17c026957dd1f53d80990"},
]
"sqlparse 0.4.4" = [
    {url = "https://files.pythonhosted.org/packages/65/16/10f170ec641ed852611b6c9441b23d10b5702ab5288371feab3d36de2574/sqlparse-0.4.4.tar.gz", hash = "sha256:d446183e84b8349fa3061f0fe7f06ca94ba65b426946ffebe6e3e8295332420c"},
    {url = "https://files.pythonhosted.org/packages/98/5a/66d7c9305baa9f11857f247d4ba761402cea75db6058ff850ed7128957b7/sqlparse-0.4.4-py3-none-any.whl", hash = "sha256:5430a4fe2ac7d0f93e66f1efc6e1338a41884b7ddf2a350cedd20ccc4d9d28f3"},
]
"tzdata 2023.3" = [
    {url = "https://files.pythonhosted.org/packages/70/e5/81f99b9fced59624562ab62a33df639a11b26c582be78864b339dafa420d/tzdata-2023.3.tar.gz", hash = "sha256:11ef1e08e54acb0d4f95bdb1be05da659673de4acbd21bf9c69e94cc5e907a3a"},
    {url = "https://files.pythonhosted.org/packages/d5/fb/a79efcab32b8a1f1ddca7f35109a50e4a80d42ac1c9187ab46522b2407d7/tzdata-2023.3-py2.py3-none-any.whl", hash = "sha256:7e65763eef3120314099b6939b5546db7adce1e7d6f2e179e3df563c70511eda"},
]
